
Microsoft Visual Studio Solution File, Format Version 12.00
# Visual Studio 15
VisualStudioVersion = 15.0.28010.2026
MinimumVisualStudioVersion = 10.0.40219.1
Project("{FAE04EC0-301F-11D3-BF4B-00C04F79EFBC}") = "server", "server\server.csproj", "{7A4FCFC5-F574-4991-B789-759F994735CC}"
EndProject
Project("{FAE04EC0-301F-11D3-BF4B-00C04F79EFBC}") = "data", "data\data.csproj", "{2DA96B7F-B0E9-4406-B27B-C49C415ADAA6}"
EndProject
Global
	GlobalSection(SolutionConfigurationPlatforms) = preSolution
		Debug|Any CPU = Debug|Any CPU
		Release|Any CPU = Release|Any CPU
	EndGlobalSection
	GlobalSection(ProjectConfigurationPlatforms) = postSolution
		{7A4FCFC5-F574-4991-B789-759F994735CC}.Debug|Any CPU.ActiveCfg = Debug|Any CPU
		{7A4FCFC5-F574-4991-B789-759F994735CC}.Debug|Any CPU.Build.0 = Debug|Any CPU
		{7A4FCFC5-F574-4991-B789-759F994735CC}.Release|Any CPU.ActiveCfg = Release|Any CPU
		{7A4FCFC5-F574-4991-B789-759F994735CC}.Release|Any CPU.Build.0 = Release|Any CPU
		{2DA96B7F-B0E9-4406-B27B-C49C415ADAA6}.Debug|Any CPU.ActiveCfg = Debug|Any CPU
		{2DA96B7F-B0E9-4406-B27B-C49C415ADAA6}.Debug|Any CPU.Build.0 = Debug|Any CPU
		{2DA96B7F-B0E9-4406-B27B-C49C415ADAA6}.Release|Any CPU.ActiveCfg = Release|Any CPU
		{2DA96B7F-B0E9-4406-B27B-C49C415ADAA6}.Release|Any CPU.Build.0 = Release|Any CPU
	EndGlobalSection
	GlobalSection(SolutionProperties) = preSolution
		HideSolutionNode = FALSE
	EndGlobalSection
	GlobalSection(ExtensibilityGlobals) = postSolution
		SolutionGuid = {7902027B-EFAC-4F1D-843B-6AE4F596EBD0}
	EndGlobalSection
EndGlobal
